{
  "name": "unwindows-cli",
  "version": "1.0.0",
  "lockfileVersion": 3,
  "requires": true,
  "packages": {
    "": {
      "name": "unwindows-cli",
      "version": "1.0.0",
      "license": "MIT",
      "bin": {
        "grep": "bin/grep.mjs",
        "nc": "bin/nc.mjs",
        "pwd": "bin/pwd.mjs"
      },
      "engines": {
        "node": ">=18"
      }
    }
  }
}
